// !$*UTF8*$!
{
	archiveVersion = 1;
	classes = {
	};
	objectVersion = 50;
	objects = {

/* Begin PBXBuildFile section */
		38EC924D27DF471C0077BD1F /* README.md in Resources */ = {isa = PBXBuildFile; fileRef = 38EC924C27DF471C0077BD1F /* README.md */; };
		38EC925027DF807C0077BD1F /* SubtitleTableViewCell.swift in Sources */ = {isa = PBXBuildFile; fileRef = 38EC924F27DF807C0077BD1F /* SubtitleTableViewCell.swift */; };
		38EC925627E011710077BD1F /* StoryboardScenes.swift in Sources */ = {isa = PBXBuildFile; fileRef = 38EC925527E011710077BD1F /* StoryboardScenes.swift */; };
		38EC926727E01CEC0077BD1F /* GitHub.framework in Frameworks */ = {isa = PBXBuildFile; fileRef = 38EC925F27E01CEC0077BD1F /* GitHub.framework */; };
		38EC926E27E01CEC0077BD1F /* GitHubClientTests.swift in Sources */ = {isa = PBXBuildFile; fileRef = 38EC926D27E01CEC0077BD1F /* GitHubClientTests.swift */; };
		38EC927227E01CEC0077BD1F /* GitHub.framework in Frameworks */ = {isa = PBXBuildFile; fileRef = 38EC925F27E01CEC0077BD1F /* GitHub.framework */; };
		38EC927327E01CEC0077BD1F /* GitHub.framework in Embed Frameworks */ = {isa = PBXBuildFile; fileRef = 38EC925F27E01CEC0077BD1F /* GitHub.framework */; settings = {ATTRIBUTES = (CodeSignOnCopy, RemoveHeadersOnCopy, ); }; };
		38EC927C27E01E7D0077BD1F /* GitHubReponses.swift in Sources */ = {isa = PBXBuildFile; fileRef = 38EC927B27E01E7D0077BD1F /* GitHubReponses.swift */; };
		38EC927E27E01FB20077BD1F /* GitHubClient.swift in Sources */ = {isa = PBXBuildFile; fileRef = 38EC927D27E01FB20077BD1F /* GitHubClient.swift */; };
		38EC928027E020100077BD1F /* GitHubError.swift in Sources */ = {isa = PBXBuildFile; fileRef = 38EC927F27E020100077BD1F /* GitHubError.swift */; };
		38EC928227E043760077BD1F /* RepositorySearchViewModel.swift in Sources */ = {isa = PBXBuildFile; fileRef = 38EC928127E043760077BD1F /* RepositorySearchViewModel.swift */; };
		38EC928527E0460E0077BD1F /* Collection+Extension.swift in Sources */ = {isa = PBXBuildFile; fileRef = 38EC928427E0460E0077BD1F /* Collection+Extension.swift */; };
		38EC928727E047D80077BD1F /* RepositoryDetailViewModel.swift in Sources */ = {isa = PBXBuildFile; fileRef = 38EC928627E047D80077BD1F /* RepositoryDetailViewModel.swift */; };
		38EC928927E04C350077BD1F /* RepositoryDetailRouting.swift in Sources */ = {isa = PBXBuildFile; fileRef = 38EC928827E04C350077BD1F /* RepositoryDetailRouting.swift */; };
		38EC928E27E0A2710077BD1F /* Networking.swift in Sources */ = {isa = PBXBuildFile; fileRef = 38EC928D27E0A2710077BD1F /* Networking.swift */; };
		38EC929127E0A3E50077BD1F /* GeneratedMocks.swift in Sources */ = {isa = PBXBuildFile; fileRef = 38EC929027E0A3E50077BD1F /* GeneratedMocks.swift */; };
		38EC929427E14C7E0077BD1F /* search_success.json in Resources */ = {isa = PBXBuildFile; fileRef = 38EC929327E14C7E0077BD1F /* search_success.json */; };
		38EC929827E158930077BD1F /* search_failure_internal_server_error.json in Resources */ = {isa = PBXBuildFile; fileRef = 38EC929527E158930077BD1F /* search_failure_internal_server_error.json */; };
		38EC929927E158930077BD1F /* search_failure_too_many_request.json in Resources */ = {isa = PBXBuildFile; fileRef = 38EC929627E158930077BD1F /* search_failure_too_many_request.json */; };
		38EC929A27E158930077BD1F /* search_failure_invalid_input.json in Resources */ = {isa = PBXBuildFile; fileRef = 38EC929727E158930077BD1F /* search_failure_invalid_input.json */; };
		38EC929E27E15E5B0077BD1F /* XCTestCase+Extension.swift in Sources */ = {isa = PBXBuildFile; fileRef = 38EC929D27E15E5B0077BD1F /* XCTestCase+Extension.swift */; };
		38EC92A027E15E7D0077BD1F /* String+Extension.swift in Sources */ = {isa = PBXBuildFile; fileRef = 38EC929F27E15E7D0077BD1F /* String+Extension.swift */; };
		38EC92A427E16DEF0077BD1F /* Repository+Extension.swift in Sources */ = {isa = PBXBuildFile; fileRef = 38EC92A327E16DEF0077BD1F /* Repository+Extension.swift */; };
		38EC92A827E1D2E00077BD1F /* RepositoryDetailViewModelTests.swift in Sources */ = {isa = PBXBuildFile; fileRef = 38EC92A727E1D2E00077BD1F /* RepositoryDetailViewModelTests.swift */; };
		38EC92AA27E20DD80077BD1F /* UIViewController+Extension.swift in Sources */ = {isa = PBXBuildFile; fileRef = 38EC92A927E20DD80077BD1F /* UIViewController+Extension.swift */; };
		38EC92AC27E20E070077BD1F /* UIView+Extension.swift in Sources */ = {isa = PBXBuildFile; fileRef = 38EC92AB27E20E070077BD1F /* UIView+Extension.swift */; };
		38EC92AE27E210230077BD1F /* RepositoryDetailScreen.swift in Sources */ = {isa = PBXBuildFile; fileRef = 38EC92AD27E210230077BD1F /* RepositoryDetailScreen.swift */; };
		38EC92B327E21B1B0077BD1F /* RepositoryDetailHeaderSection.swift in Sources */ = {isa = PBXBuildFile; fileRef = 38EC92B227E21B1B0077BD1F /* RepositoryDetailHeaderSection.swift */; };
		38EC92B527E2205B0077BD1F /* RepositoryDetailPropertiesSection.swift in Sources */ = {isa = PBXBuildFile; fileRef = 38EC92B427E2205B0077BD1F /* RepositoryDetailPropertiesSection.swift */; };
		38EC92B727E2206A0077BD1F /* RepositoryDetailPropertyView.swift in Sources */ = {isa = PBXBuildFile; fileRef = 38EC92B627E2206A0077BD1F /* RepositoryDetailPropertyView.swift */; };
		38EC92BB27E2297E0077BD1F /* GitHubEntities.swift in Sources */ = {isa = PBXBuildFile; fileRef = 38EC92BA27E2297E0077BD1F /* GitHubEntities.swift */; };
		38EC92BD27E22CE40077BD1F /* GitHubColors.swift in Sources */ = {isa = PBXBuildFile; fileRef = 38EC92BC27E22CE40077BD1F /* GitHubColors.swift */; };
		38EC92BF27E2B4EC0077BD1F /* Color+Extension.swift in Sources */ = {isa = PBXBuildFile; fileRef = 38EC92BE27E2B4EC0077BD1F /* Color+Extension.swift */; };
		38EC92CD27E32A940077BD1F /* AvatarImage.swift in Sources */ = {isa = PBXBuildFile; fileRef = 38EC92CC27E32A940077BD1F /* AvatarImage.swift */; };
		38EC92CF27E331AA0077BD1F /* LanguageLabel.swift in Sources */ = {isa = PBXBuildFile; fileRef = 38EC92CE27E331AA0077BD1F /* LanguageLabel.swift */; };
		38EC92D127E3337D0077BD1F /* RepositorySearchScreen.swift in Sources */ = {isa = PBXBuildFile; fileRef = 38EC92D027E3337D0077BD1F /* RepositorySearchScreen.swift */; };
		38EC92D427E333970077BD1F /* RepositoryListItemView.swift in Sources */ = {isa = PBXBuildFile; fileRef = 38EC92D327E333970077BD1F /* RepositoryListItemView.swift */; };
		38EC92D627E333AC0077BD1F /* RepositorySearchFormSection.swift in Sources */ = {isa = PBXBuildFile; fileRef = 38EC92D527E333AC0077BD1F /* RepositorySearchFormSection.swift */; };
		38EC92D827E333C20077BD1F /* RepositorySearchResultsSection.swift in Sources */ = {isa = PBXBuildFile; fileRef = 38EC92D727E333C20077BD1F /* RepositorySearchResultsSection.swift */; };
		38EC92DA27E339D10077BD1F /* SearchFieldStyle.swift in Sources */ = {isa = PBXBuildFile; fileRef = 38EC92D927E339D10077BD1F /* SearchFieldStyle.swift */; };
		BF0A658D244F2A3B00280FA6 /* RepositoryDetailViewController.swift in Sources */ = {isa = PBXBuildFile; fileRef = BF0A658C244F2A3B00280FA6 /* RepositoryDetailViewController.swift */; };
		BFD945DF244DC5E80012785A /* AppDelegate.swift in Sources */ = {isa = PBXBuildFile; fileRef = BFD945DE244DC5E80012785A /* AppDelegate.swift */; };
		BFD945E1244DC5E80012785A /* SceneDelegate.swift in Sources */ = {isa = PBXBuildFile; fileRef = BFD945E0244DC5E80012785A /* SceneDelegate.swift */; };
		BFD945E3244DC5E80012785A /* RepositorySearchViewController.swift in Sources */ = {isa = PBXBuildFile; fileRef = BFD945E2244DC5E80012785A /* RepositorySearchViewController.swift */; };
		BFD945E6244DC5E80012785A /* RepositorySearch.storyboard in Resources */ = {isa = PBXBuildFile; fileRef = BFD945E4244DC5E80012785A /* RepositorySearch.storyboard */; };
		BFD945E8244DC5EB0012785A /* Assets.xcassets in Resources */ = {isa = PBXBuildFile; fileRef = BFD945E7244DC5EB0012785A /* Assets.xcassets */; };
		BFD945EB244DC5EB0012785A /* LaunchScreen.storyboard in Resources */ = {isa = PBXBuildFile; fileRef = BFD945E9244DC5EB0012785A /* LaunchScreen.storyboard */; };
		BFD945F6244DC5EB0012785A /* RepositorySearchViewModelTests.swift in Sources */ = {isa = PBXBuildFile; fileRef = BFD945F5244DC5EB0012785A /* RepositorySearchViewModelTests.swift */; };
		BFD94601244DC5EC0012785A /* iOSEngineerCodeCheckUITests.swift in Sources */ = {isa = PBXBuildFile; fileRef = BFD94600244DC5EC0012785A /* iOSEngineerCodeCheckUITests.swift */; };
/* End PBXBuildFile section */

/* Begin PBXContainerItemProxy section */
		38EC926827E01CEC0077BD1F /* PBXContainerItemProxy */ = {
			isa = PBXContainerItemProxy;
			containerPortal = BFD945D3244DC5E80012785A /* Project object */;
			proxyType = 1;
			remoteGlobalIDString = 38EC925E27E01CEC0077BD1F;
			remoteInfo = GitHub;
		};
		38EC926A27E01CEC0077BD1F /* PBXContainerItemProxy */ = {
			isa = PBXContainerItemProxy;
			containerPortal = BFD945D3244DC5E80012785A /* Project object */;
			proxyType = 1;
			remoteGlobalIDString = BFD945DA244DC5E80012785A;
			remoteInfo = iOSEngineerCodeCheck;
		};
		38EC927027E01CEC0077BD1F /* PBXContainerItemProxy */ = {
			isa = PBXContainerItemProxy;
			containerPortal = BFD945D3244DC5E80012785A /* Project object */;
			proxyType = 1;
			remoteGlobalIDString = 38EC925E27E01CEC0077BD1F;
			remoteInfo = GitHub;
		};
		BFD945F2244DC5EB0012785A /* PBXContainerItemProxy */ = {
			isa = PBXContainerItemProxy;
			containerPortal = BFD945D3244DC5E80012785A /* Project object */;
			proxyType = 1;
			remoteGlobalIDString = BFD945DA244DC5E80012785A;
			remoteInfo = iOSEngineerCodeCheck;
		};
		BFD945FD244DC5EB0012785A /* PBXContainerItemProxy */ = {
			isa = PBXContainerItemProxy;
			containerPortal = BFD945D3244DC5E80012785A /* Project object */;
			proxyType = 1;
			remoteGlobalIDString = BFD945DA244DC5E80012785A;
			remoteInfo = iOSEngineerCodeCheck;
		};
/* End PBXContainerItemProxy section */

/* Begin PBXCopyFilesBuildPhase section */
		38EC927427E01CEC0077BD1F /* Embed Frameworks */ = {
			isa = PBXCopyFilesBuildPhase;
			buildActionMask = 2147483647;
			dstPath = "";
			dstSubfolderSpec = 10;
			files = (
				38EC927327E01CEC0077BD1F /* GitHub.framework in Embed Frameworks */,
			);
			name = "Embed Frameworks";
			runOnlyForDeploymentPostprocessing = 0;
		};
/* End PBXCopyFilesBuildPhase section */

/* Begin PBXFileReference section */
		38EC924C27DF471C0077BD1F /* README.md */ = {isa = PBXFileReference; fileEncoding = 4; lastKnownFileType = net.daringfireball.markdown; path = README.md; sourceTree = "<group>"; };
		38EC924F27DF807C0077BD1F /* SubtitleTableViewCell.swift */ = {isa = PBXFileReference; lastKnownFileType = sourcecode.swift; path = SubtitleTableViewCell.swift; sourceTree = "<group>"; };
		38EC925527E011710077BD1F /* StoryboardScenes.swift */ = {isa = PBXFileReference; fileEncoding = 4; lastKnownFileType = sourcecode.swift; path = StoryboardScenes.swift; sourceTree = "<group>"; };
		38EC925F27E01CEC0077BD1F /* GitHub.framework */ = {isa = PBXFileReference; explicitFileType = wrapper.framework; includeInIndex = 0; path = GitHub.framework; sourceTree = BUILT_PRODUCTS_DIR; };
		38EC926627E01CEC0077BD1F /* GitHubTests.xctest */ = {isa = PBXFileReference; explicitFileType = wrapper.cfbundle; includeInIndex = 0; path = GitHubTests.xctest; sourceTree = BUILT_PRODUCTS_DIR; };
		38EC926D27E01CEC0077BD1F /* GitHubClientTests.swift */ = {isa = PBXFileReference; lastKnownFileType = sourcecode.swift; path = GitHubClientTests.swift; sourceTree = "<group>"; };
		38EC927B27E01E7D0077BD1F /* GitHubReponses.swift */ = {isa = PBXFileReference; lastKnownFileType = sourcecode.swift; path = GitHubReponses.swift; sourceTree = "<group>"; };
		38EC927D27E01FB20077BD1F /* GitHubClient.swift */ = {isa = PBXFileReference; lastKnownFileType = sourcecode.swift; path = GitHubClient.swift; sourceTree = "<group>"; };
		38EC927F27E020100077BD1F /* GitHubError.swift */ = {isa = PBXFileReference; lastKnownFileType = sourcecode.swift; path = GitHubError.swift; sourceTree = "<group>"; };
		38EC928127E043760077BD1F /* RepositorySearchViewModel.swift */ = {isa = PBXFileReference; lastKnownFileType = sourcecode.swift; path = RepositorySearchViewModel.swift; sourceTree = "<group>"; };
		38EC928427E0460E0077BD1F /* Collection+Extension.swift */ = {isa = PBXFileReference; lastKnownFileType = sourcecode.swift; path = "Collection+Extension.swift"; sourceTree = "<group>"; };
		38EC928627E047D80077BD1F /* RepositoryDetailViewModel.swift */ = {isa = PBXFileReference; lastKnownFileType = sourcecode.swift; path = RepositoryDetailViewModel.swift; sourceTree = "<group>"; };
		38EC928827E04C350077BD1F /* RepositoryDetailRouting.swift */ = {isa = PBXFileReference; lastKnownFileType = sourcecode.swift; path = RepositoryDetailRouting.swift; sourceTree = "<group>"; };
		38EC928D27E0A2710077BD1F /* Networking.swift */ = {isa = PBXFileReference; lastKnownFileType = sourcecode.swift; path = Networking.swift; sourceTree = "<group>"; };
		38EC929027E0A3E50077BD1F /* GeneratedMocks.swift */ = {isa = PBXFileReference; fileEncoding = 4; lastKnownFileType = sourcecode.swift; path = GeneratedMocks.swift; sourceTree = "<group>"; };
		38EC929327E14C7E0077BD1F /* search_success.json */ = {isa = PBXFileReference; fileEncoding = 4; lastKnownFileType = text.json; path = search_success.json; sourceTree = "<group>"; };
		38EC929527E158930077BD1F /* search_failure_internal_server_error.json */ = {isa = PBXFileReference; fileEncoding = 4; lastKnownFileType = text.json; path = search_failure_internal_server_error.json; sourceTree = "<group>"; };
		38EC929627E158930077BD1F /* search_failure_too_many_request.json */ = {isa = PBXFileReference; fileEncoding = 4; lastKnownFileType = text.json; path = search_failure_too_many_request.json; sourceTree = "<group>"; };
		38EC929727E158930077BD1F /* search_failure_invalid_input.json */ = {isa = PBXFileReference; fileEncoding = 4; lastKnownFileType = text.json; path = search_failure_invalid_input.json; sourceTree = "<group>"; };
		38EC929D27E15E5B0077BD1F /* XCTestCase+Extension.swift */ = {isa = PBXFileReference; lastKnownFileType = sourcecode.swift; path = "XCTestCase+Extension.swift"; sourceTree = "<group>"; };
		38EC929F27E15E7D0077BD1F /* String+Extension.swift */ = {isa = PBXFileReference; lastKnownFileType = sourcecode.swift; path = "String+Extension.swift"; sourceTree = "<group>"; };
		38EC92A327E16DEF0077BD1F /* Repository+Extension.swift */ = {isa = PBXFileReference; lastKnownFileType = sourcecode.swift; path = "Repository+Extension.swift"; sourceTree = "<group>"; };
		38EC92A727E1D2E00077BD1F /* RepositoryDetailViewModelTests.swift */ = {isa = PBXFileReference; lastKnownFileType = sourcecode.swift; path = RepositoryDetailViewModelTests.swift; sourceTree = "<group>"; };
		38EC92A927E20DD80077BD1F /* UIViewController+Extension.swift */ = {isa = PBXFileReference; lastKnownFileType = sourcecode.swift; path = "UIViewController+Extension.swift"; sourceTree = "<group>"; };
		38EC92AB27E20E070077BD1F /* UIView+Extension.swift */ = {isa = PBXFileReference; lastKnownFileType = sourcecode.swift; path = "UIView+Extension.swift"; sourceTree = "<group>"; };
		38EC92AD27E210230077BD1F /* RepositoryDetailScreen.swift */ = {isa = PBXFileReference; lastKnownFileType = sourcecode.swift; path = RepositoryDetailScreen.swift; sourceTree = "<group>"; };
		38EC92B227E21B1B0077BD1F /* RepositoryDetailHeaderSection.swift */ = {isa = PBXFileReference; lastKnownFileType = sourcecode.swift; path = RepositoryDetailHeaderSection.swift; sourceTree = "<group>"; };
		38EC92B427E2205B0077BD1F /* RepositoryDetailPropertiesSection.swift */ = {isa = PBXFileReference; lastKnownFileType = sourcecode.swift; path = RepositoryDetailPropertiesSection.swift; sourceTree = "<group>"; };
		38EC92B627E2206A0077BD1F /* RepositoryDetailPropertyView.swift */ = {isa = PBXFileReference; lastKnownFileType = sourcecode.swift; path = RepositoryDetailPropertyView.swift; sourceTree = "<group>"; };
		38EC92BA27E2297E0077BD1F /* GitHubEntities.swift */ = {isa = PBXFileReference; lastKnownFileType = sourcecode.swift; path = GitHubEntities.swift; sourceTree = "<group>"; };
		38EC92BC27E22CE40077BD1F /* GitHubColors.swift */ = {isa = PBXFileReference; lastKnownFileType = sourcecode.swift; path = GitHubColors.swift; sourceTree = "<group>"; };
		38EC92BE27E2B4EC0077BD1F /* Color+Extension.swift */ = {isa = PBXFileReference; lastKnownFileType = sourcecode.swift; path = "Color+Extension.swift"; sourceTree = "<group>"; };
		38EC92CC27E32A940077BD1F /* AvatarImage.swift */ = {isa = PBXFileReference; lastKnownFileType = sourcecode.swift; path = AvatarImage.swift; sourceTree = "<group>"; };
		38EC92CE27E331AA0077BD1F /* LanguageLabel.swift */ = {isa = PBXFileReference; lastKnownFileType = sourcecode.swift; path = LanguageLabel.swift; sourceTree = "<group>"; };
		38EC92D027E3337D0077BD1F /* RepositorySearchScreen.swift */ = {isa = PBXFileReference; lastKnownFileType = sourcecode.swift; path = RepositorySearchScreen.swift; sourceTree = "<group>"; };
		38EC92D327E333970077BD1F /* RepositoryListItemView.swift */ = {isa = PBXFileReference; lastKnownFileType = sourcecode.swift; path = RepositoryListItemView.swift; sourceTree = "<group>"; };
		38EC92D527E333AC0077BD1F /* RepositorySearchFormSection.swift */ = {isa = PBXFileReference; lastKnownFileType = sourcecode.swift; path = RepositorySearchFormSection.swift; sourceTree = "<group>"; };
		38EC92D727E333C20077BD1F /* RepositorySearchResultsSection.swift */ = {isa = PBXFileReference; lastKnownFileType = sourcecode.swift; path = RepositorySearchResultsSection.swift; sourceTree = "<group>"; };
		38EC92D927E339D10077BD1F /* SearchFieldStyle.swift */ = {isa = PBXFileReference; lastKnownFileType = sourcecode.swift; path = SearchFieldStyle.swift; sourceTree = "<group>"; };
		BF0A658C244F2A3B00280FA6 /* RepositoryDetailViewController.swift */ = {isa = PBXFileReference; lastKnownFileType = sourcecode.swift; path = RepositoryDetailViewController.swift; sourceTree = "<group>"; };
		BFD945DB244DC5E80012785A /* iOSEngineerCodeCheck.app */ = {isa = PBXFileReference; explicitFileType = wrapper.application; includeInIndex = 0; path = iOSEngineerCodeCheck.app; sourceTree = BUILT_PRODUCTS_DIR; };
		BFD945DE244DC5E80012785A /* AppDelegate.swift */ = {isa = PBXFileReference; lastKnownFileType = sourcecode.swift; path = AppDelegate.swift; sourceTree = "<group>"; };
		BFD945E0244DC5E80012785A /* SceneDelegate.swift */ = {isa = PBXFileReference; lastKnownFileType = sourcecode.swift; path = SceneDelegate.swift; sourceTree = "<group>"; };
		BFD945E2244DC5E80012785A /* RepositorySearchViewController.swift */ = {isa = PBXFileReference; lastKnownFileType = sourcecode.swift; path = RepositorySearchViewController.swift; sourceTree = "<group>"; };
		BFD945E5244DC5E80012785A /* Base */ = {isa = PBXFileReference; lastKnownFileType = file.storyboard; name = Base; path = Base.lproj/RepositorySearch.storyboard; sourceTree = "<group>"; };
		BFD945E7244DC5EB0012785A /* Assets.xcassets */ = {isa = PBXFileReference; lastKnownFileType = folder.assetcatalog; path = Assets.xcassets; sourceTree = "<group>"; };
		BFD945EA244DC5EB0012785A /* Base */ = {isa = PBXFileReference; lastKnownFileType = file.storyboard; name = Base; path = Base.lproj/LaunchScreen.storyboard; sourceTree = "<group>"; };
		BFD945EC244DC5EB0012785A /* Info.plist */ = {isa = PBXFileReference; lastKnownFileType = text.plist.xml; path = Info.plist; sourceTree = "<group>"; };
		BFD945F1244DC5EB0012785A /* iOSEngineerCodeCheckTests.xctest */ = {isa = PBXFileReference; explicitFileType = wrapper.cfbundle; includeInIndex = 0; path = iOSEngineerCodeCheckTests.xctest; sourceTree = BUILT_PRODUCTS_DIR; };
		BFD945F5244DC5EB0012785A /* RepositorySearchViewModelTests.swift */ = {isa = PBXFileReference; lastKnownFileType = sourcecode.swift; path = RepositorySearchViewModelTests.swift; sourceTree = "<group>"; };
		BFD945F7244DC5EB0012785A /* Info.plist */ = {isa = PBXFileReference; lastKnownFileType = text.plist.xml; path = Info.plist; sourceTree = "<group>"; };
		BFD945FC244DC5EB0012785A /* iOSEngineerCodeCheckUITests.xctest */ = {isa = PBXFileReference; explicitFileType = wrapper.cfbundle; includeInIndex = 0; path = iOSEngineerCodeCheckUITests.xctest; sourceTree = BUILT_PRODUCTS_DIR; };
		BFD94600244DC5EC0012785A /* iOSEngineerCodeCheckUITests.swift */ = {isa = PBXFileReference; lastKnownFileType = sourcecode.swift; path = iOSEngineerCodeCheckUITests.swift; sourceTree = "<group>"; };
		BFD94602244DC5EC0012785A /* Info.plist */ = {isa = PBXFileReference; lastKnownFileType = text.plist.xml; path = Info.plist; sourceTree = "<group>"; };
/* End PBXFileReference section */

/* Begin PBXFrameworksBuildPhase section */
		38EC925C27E01CEC0077BD1F /* Frameworks */ = {
			isa = PBXFrameworksBuildPhase;
			buildActionMask = 2147483647;
			files = (
			);
			runOnlyForDeploymentPostprocessing = 0;
		};
		38EC926327E01CEC0077BD1F /* Frameworks */ = {
			isa = PBXFrameworksBuildPhase;
			buildActionMask = 2147483647;
			files = (
				38EC926727E01CEC0077BD1F /* GitHub.framework in Frameworks */,
			);
			runOnlyForDeploymentPostprocessing = 0;
		};
		BFD945D8244DC5E80012785A /* Frameworks */ = {
			isa = PBXFrameworksBuildPhase;
			buildActionMask = 2147483647;
			files = (
				38EC927227E01CEC0077BD1F /* GitHub.framework in Frameworks */,
			);
			runOnlyForDeploymentPostprocessing = 0;
		};
		BFD945EE244DC5EB0012785A /* Frameworks */ = {
			isa = PBXFrameworksBuildPhase;
			buildActionMask = 2147483647;
			files = (
			);
			runOnlyForDeploymentPostprocessing = 0;
		};
		BFD945F9244DC5EB0012785A /* Frameworks */ = {
			isa = PBXFrameworksBuildPhase;
			buildActionMask = 2147483647;
			files = (
			);
			runOnlyForDeploymentPostprocessing = 0;
		};
/* End PBXFrameworksBuildPhase section */

/* Begin PBXGroup section */
		38EC925427E011420077BD1F /* Generated */ = {
			isa = PBXGroup;
			children = (
				38EC925527E011710077BD1F /* StoryboardScenes.swift */,
			);
			path = Generated;
			sourceTree = "<group>";
		};
		38EC926027E01CEC0077BD1F /* GitHub */ = {
			isa = PBXGroup;
			children = (
				38EC928F27E0A3C20077BD1F /* Generated */,
				38EC927B27E01E7D0077BD1F /* GitHubReponses.swift */,
				38EC92BC27E22CE40077BD1F /* GitHubColors.swift */,
				38EC92BA27E2297E0077BD1F /* GitHubEntities.swift */,
				38EC927D27E01FB20077BD1F /* GitHubClient.swift */,
				38EC928D27E0A2710077BD1F /* Networking.swift */,
				38EC927F27E020100077BD1F /* GitHubError.swift */,
			);
			path = GitHub;
			sourceTree = "<group>";
		};
		38EC926C27E01CEC0077BD1F /* GitHubTests */ = {
			isa = PBXGroup;
			children = (
				38EC929227E14C400077BD1F /* MockResponses */,
				38EC926D27E01CEC0077BD1F /* GitHubClientTests.swift */,
			);
			path = GitHubTests;
			sourceTree = "<group>";
		};
		38EC928327E046030077BD1F /* Extensions */ = {
			isa = PBXGroup;
			children = (
				38EC928427E0460E0077BD1F /* Collection+Extension.swift */,
				38EC92A927E20DD80077BD1F /* UIViewController+Extension.swift */,
				38EC92AB27E20E070077BD1F /* UIView+Extension.swift */,
				38EC92BE27E2B4EC0077BD1F /* Color+Extension.swift */,
			);
			path = Extensions;
			sourceTree = "<group>";
		};
		38EC928A27E04D460077BD1F /* Screens */ = {
			isa = PBXGroup;
			children = (
				38EC928C27E04D720077BD1F /* RepositoryDetail */,
				38EC928B27E04D5F0077BD1F /* RepositorySearch */,
			);
			path = Screens;
			sourceTree = "<group>";
		};
		38EC928B27E04D5F0077BD1F /* RepositorySearch */ = {
			isa = PBXGroup;
			children = (
				38EC92D227E3338E0077BD1F /* Views */,
				BFD945E2244DC5E80012785A /* RepositorySearchViewController.swift */,
				38EC928127E043760077BD1F /* RepositorySearchViewModel.swift */,
				38EC924F27DF807C0077BD1F /* SubtitleTableViewCell.swift */,
				BFD945E4244DC5E80012785A /* RepositorySearch.storyboard */,
				38EC92D027E3337D0077BD1F /* RepositorySearchScreen.swift */,
			);
			path = RepositorySearch;
			sourceTree = "<group>";
		};
		38EC928C27E04D720077BD1F /* RepositoryDetail */ = {
			isa = PBXGroup;
			children = (
				38EC92AF27E21AF70077BD1F /* Views */,
				BF0A658C244F2A3B00280FA6 /* RepositoryDetailViewController.swift */,
				38EC928827E04C350077BD1F /* RepositoryDetailRouting.swift */,
				38EC928627E047D80077BD1F /* RepositoryDetailViewModel.swift */,
				38EC92AD27E210230077BD1F /* RepositoryDetailScreen.swift */,
			);
			path = RepositoryDetail;
			sourceTree = "<group>";
		};
		38EC928F27E0A3C20077BD1F /* Generated */ = {
			isa = PBXGroup;
			children = (
				38EC929027E0A3E50077BD1F /* GeneratedMocks.swift */,
			);
			path = Generated;
			sourceTree = "<group>";
		};
		38EC929227E14C400077BD1F /* MockResponses */ = {
			isa = PBXGroup;
			children = (
				38EC929527E158930077BD1F /* search_failure_internal_server_error.json */,
				38EC929727E158930077BD1F /* search_failure_invalid_input.json */,
				38EC929627E158930077BD1F /* search_failure_too_many_request.json */,
				38EC929327E14C7E0077BD1F /* search_success.json */,
			);
			path = MockResponses;
			sourceTree = "<group>";
		};
		38EC929C27E15E4F0077BD1F /* Extensions */ = {
			isa = PBXGroup;
			children = (
				38EC929D27E15E5B0077BD1F /* XCTestCase+Extension.swift */,
				38EC929F27E15E7D0077BD1F /* String+Extension.swift */,
				38EC92A327E16DEF0077BD1F /* Repository+Extension.swift */,
			);
			path = Extensions;
			sourceTree = "<group>";
		};
		38EC92AF27E21AF70077BD1F /* Views */ = {
			isa = PBXGroup;
			children = (
				38EC92B227E21B1B0077BD1F /* RepositoryDetailHeaderSection.swift */,
				38EC92B427E2205B0077BD1F /* RepositoryDetailPropertiesSection.swift */,
				38EC92B627E2206A0077BD1F /* RepositoryDetailPropertyView.swift */,
			);
			path = Views;
			sourceTree = "<group>";
		};
		38EC92CB27E32A700077BD1F /* Views */ = {
			isa = PBXGroup;
			children = (
				38EC92CC27E32A940077BD1F /* AvatarImage.swift */,
				38EC92CE27E331AA0077BD1F /* LanguageLabel.swift */,
				38EC92D927E339D10077BD1F /* SearchFieldStyle.swift */,
			);
			path = Views;
			sourceTree = "<group>";
		};
		38EC92D227E3338E0077BD1F /* Views */ = {
			isa = PBXGroup;
			children = (
				38EC92D327E333970077BD1F /* RepositoryListItemView.swift */,
				38EC92D527E333AC0077BD1F /* RepositorySearchFormSection.swift */,
				38EC92D727E333C20077BD1F /* RepositorySearchResultsSection.swift */,
			);
			path = Views;
			sourceTree = "<group>";
		};
		BFD945D2244DC5E80012785A = {
			isa = PBXGroup;
			children = (
				38EC924C27DF471C0077BD1F /* README.md */,
				BFD945DD244DC5E80012785A /* iOSEngineerCodeCheck */,
				BFD945F4244DC5EB0012785A /* iOSEngineerCodeCheckTests */,
				BFD945FF244DC5EB0012785A /* iOSEngineerCodeCheckUITests */,
				38EC926027E01CEC0077BD1F /* GitHub */,
				38EC926C27E01CEC0077BD1F /* GitHubTests */,
				BFD945DC244DC5E80012785A /* Products */,
			);
			sourceTree = "<group>";
		};
		BFD945DC244DC5E80012785A /* Products */ = {
			isa = PBXGroup;
			children = (
				BFD945DB244DC5E80012785A /* iOSEngineerCodeCheck.app */,
				BFD945F1244DC5EB0012785A /* iOSEngineerCodeCheckTests.xctest */,
				BFD945FC244DC5EB0012785A /* iOSEngineerCodeCheckUITests.xctest */,
				38EC925F27E01CEC0077BD1F /* GitHub.framework */,
				38EC926627E01CEC0077BD1F /* GitHubTests.xctest */,
			);
			name = Products;
			sourceTree = "<group>";
		};
		BFD945DD244DC5E80012785A /* iOSEngineerCodeCheck */ = {
			isa = PBXGroup;
			children = (
				38EC92CB27E32A700077BD1F /* Views */,
				38EC928A27E04D460077BD1F /* Screens */,
				38EC928327E046030077BD1F /* Extensions */,
				38EC925427E011420077BD1F /* Generated */,
				BFD945DE244DC5E80012785A /* AppDelegate.swift */,
				BFD945E0244DC5E80012785A /* SceneDelegate.swift */,
				BFD945E7244DC5EB0012785A /* Assets.xcassets */,
				BFD945E9244DC5EB0012785A /* LaunchScreen.storyboard */,
				BFD945EC244DC5EB0012785A /* Info.plist */,
			);
			path = iOSEngineerCodeCheck;
			sourceTree = "<group>";
		};
		BFD945F4244DC5EB0012785A /* iOSEngineerCodeCheckTests */ = {
			isa = PBXGroup;
			children = (
				38EC929C27E15E4F0077BD1F /* Extensions */,
				BFD945F5244DC5EB0012785A /* RepositorySearchViewModelTests.swift */,
				38EC92A727E1D2E00077BD1F /* RepositoryDetailViewModelTests.swift */,
				BFD945F7244DC5EB0012785A /* Info.plist */,
			);
			path = iOSEngineerCodeCheckTests;
			sourceTree = "<group>";
		};
		BFD945FF244DC5EB0012785A /* iOSEngineerCodeCheckUITests */ = {
			isa = PBXGroup;
			children = (
				BFD94600244DC5EC0012785A /* iOSEngineerCodeCheckUITests.swift */,
				BFD94602244DC5EC0012785A /* Info.plist */,
			);
			path = iOSEngineerCodeCheckUITests;
			sourceTree = "<group>";
		};
/* End PBXGroup section */

/* Begin PBXHeadersBuildPhase section */
		38EC925A27E01CEC0077BD1F /* Headers */ = {
			isa = PBXHeadersBuildPhase;
			buildActionMask = 2147483647;
			files = (
			);
			runOnlyForDeploymentPostprocessing = 0;
		};
/* End PBXHeadersBuildPhase section */

/* Begin PBXNativeTarget section */
		38EC925E27E01CEC0077BD1F /* GitHub */ = {
			isa = PBXNativeTarget;
			buildConfigurationList = 38EC927927E01CEC0077BD1F /* Build configuration list for PBXNativeTarget "GitHub" */;
			buildPhases = (
				38EC925A27E01CEC0077BD1F /* Headers */,
				38EC925B27E01CEC0077BD1F /* Sources */,
				38EC925C27E01CEC0077BD1F /* Frameworks */,
				38EC925D27E01CEC0077BD1F /* Resources */,
			);
			buildRules = (
			);
			dependencies = (
			);
			name = GitHub;
			productName = GitHub;
			productReference = 38EC925F27E01CEC0077BD1F /* GitHub.framework */;
			productType = "com.apple.product-type.framework";
		};
		38EC926527E01CEC0077BD1F /* GitHubTests */ = {
			isa = PBXNativeTarget;
			buildConfigurationList = 38EC927A27E01CEC0077BD1F /* Build configuration list for PBXNativeTarget "GitHubTests" */;
			buildPhases = (
				38EC926227E01CEC0077BD1F /* Sources */,
				38EC926327E01CEC0077BD1F /* Frameworks */,
				38EC926427E01CEC0077BD1F /* Resources */,
			);
			buildRules = (
			);
			dependencies = (
				38EC926927E01CEC0077BD1F /* PBXTargetDependency */,
				38EC926B27E01CEC0077BD1F /* PBXTargetDependency */,
			);
			name = GitHubTests;
			productName = GitHubTests;
			productReference = 38EC926627E01CEC0077BD1F /* GitHubTests.xctest */;
			productType = "com.apple.product-type.bundle.unit-test";
		};
		BFD945DA244DC5E80012785A /* iOSEngineerCodeCheck */ = {
			isa = PBXNativeTarget;
			buildConfigurationList = BFD94605244DC5EC0012785A /* Build configuration list for PBXNativeTarget "iOSEngineerCodeCheck" */;
			buildPhases = (
				BFD945D7244DC5E80012785A /* Sources */,
				BFD945D8244DC5E80012785A /* Frameworks */,
				BFD945D9244DC5E80012785A /* Resources */,
				38EC924E27DF4CCE0077BD1F /* Execute Format & Lint */,
				38EC929B27E15D680077BD1F /* Generate Mocks */,
				38EC927427E01CEC0077BD1F /* Embed Frameworks */,
			);
			buildRules = (
			);
			dependencies = (
				38EC927127E01CEC0077BD1F /* PBXTargetDependency */,
			);
			name = iOSEngineerCodeCheck;
			productName = iOSEngineerCodeCheck;
			productReference = BFD945DB244DC5E80012785A /* iOSEngineerCodeCheck.app */;
			productType = "com.apple.product-type.application";
		};
		BFD945F0244DC5EB0012785A /* iOSEngineerCodeCheckTests */ = {
			isa = PBXNativeTarget;
			buildConfigurationList = BFD94608244DC5EC0012785A /* Build configuration list for PBXNativeTarget "iOSEngineerCodeCheckTests" */;
			buildPhases = (
				BFD945ED244DC5EB0012785A /* Sources */,
				BFD945EE244DC5EB0012785A /* Frameworks */,
				BFD945EF244DC5EB0012785A /* Resources */,
			);
			buildRules = (
			);
			dependencies = (
				BFD945F3244DC5EB0012785A /* PBXTargetDependency */,
			);
			name = iOSEngineerCodeCheckTests;
			productName = iOSEngineerCodeCheckTests;
			productReference = BFD945F1244DC5EB0012785A /* iOSEngineerCodeCheckTests.xctest */;
			productType = "com.apple.product-type.bundle.unit-test";
		};
		BFD945FB244DC5EB0012785A /* iOSEngineerCodeCheckUITests */ = {
			isa = PBXNativeTarget;
			buildConfigurationList = BFD9460B244DC5EC0012785A /* Build configuration list for PBXNativeTarget "iOSEngineerCodeCheckUITests" */;
			buildPhases = (
				BFD945F8244DC5EB0012785A /* Sources */,
				BFD945F9244DC5EB0012785A /* Frameworks */,
				BFD945FA244DC5EB0012785A /* Resources */,
			);
			buildRules = (
			);
			dependencies = (
				BFD945FE244DC5EB0012785A /* PBXTargetDependency */,
			);
			name = iOSEngineerCodeCheckUITests;
			productName = iOSEngineerCodeCheckUITests;
			productReference = BFD945FC244DC5EB0012785A /* iOSEngineerCodeCheckUITests.xctest */;
			productType = "com.apple.product-type.bundle.ui-testing";
		};
/* End PBXNativeTarget section */

/* Begin PBXProject section */
		BFD945D3244DC5E80012785A /* Project object */ = {
			isa = PBXProject;
			attributes = {
				LastSwiftUpdateCheck = 1320;
				LastUpgradeCheck = 1300;
				ORGANIZATIONNAME = "YUMEMI Inc.";
				TargetAttributes = {
					38EC925E27E01CEC0077BD1F = {
						CreatedOnToolsVersion = 13.2.1;
						LastSwiftMigration = 1320;
					};
					38EC926527E01CEC0077BD1F = {
						CreatedOnToolsVersion = 13.2.1;
						TestTargetID = BFD945DA244DC5E80012785A;
					};
					BFD945DA244DC5E80012785A = {
						CreatedOnToolsVersion = 11.4.1;
					};
					BFD945F0244DC5EB0012785A = {
						CreatedOnToolsVersion = 11.4.1;
						TestTargetID = BFD945DA244DC5E80012785A;
					};
					BFD945FB244DC5EB0012785A = {
						CreatedOnToolsVersion = 11.4.1;
						TestTargetID = BFD945DA244DC5E80012785A;
					};
				};
			};
			buildConfigurationList = BFD945D6244DC5E80012785A /* Build configuration list for PBXProject "iOSEngineerCodeCheck" */;
			compatibilityVersion = "Xcode 9.3";
			developmentRegion = en;
			hasScannedForEncodings = 0;
			knownRegions = (
				en,
				Base,
			);
			mainGroup = BFD945D2244DC5E80012785A;
			productRefGroup = BFD945DC244DC5E80012785A /* Products */;
			projectDirPath = "";
			projectRoot = "";
			targets = (
				BFD945DA244DC5E80012785A /* iOSEngineerCodeCheck */,
				BFD945F0244DC5EB0012785A /* iOSEngineerCodeCheckTests */,
				BFD945FB244DC5EB0012785A /* iOSEngineerCodeCheckUITests */,
				38EC925E27E01CEC0077BD1F /* GitHub */,
				38EC926527E01CEC0077BD1F /* GitHubTests */,
			);
		};
/* End PBXProject section */

/* Begin PBXResourcesBuildPhase section */
		38EC925D27E01CEC0077BD1F /* Resources */ = {
			isa = PBXResourcesBuildPhase;
			buildActionMask = 2147483647;
			files = (
			);
			runOnlyForDeploymentPostprocessing = 0;
		};
		38EC926427E01CEC0077BD1F /* Resources */ = {
			isa = PBXResourcesBuildPhase;
			buildActionMask = 2147483647;
			files = (
				38EC929427E14C7E0077BD1F /* search_success.json in Resources */,
				38EC929A27E158930077BD1F /* search_failure_invalid_input.json in Resources */,
				38EC929827E158930077BD1F /* search_failure_internal_server_error.json in Resources */,
				38EC929927E158930077BD1F /* search_failure_too_many_request.json in Resources */,
			);
			runOnlyForDeploymentPostprocessing = 0;
		};
		BFD945D9244DC5E80012785A /* Resources */ = {
			isa = PBXResourcesBuildPhase;
			buildActionMask = 2147483647;
			files = (
				BFD945EB244DC5EB0012785A /* LaunchScreen.storyboard in Resources */,
				BFD945E8244DC5EB0012785A /* Assets.xcassets in Resources */,
				38EC924D27DF471C0077BD1F /* README.md in Resources */,
				BFD945E6244DC5E80012785A /* RepositorySearch.storyboard in Resources */,
			);
			runOnlyForDeploymentPostprocessing = 0;
		};
		BFD945EF244DC5EB0012785A /* Resources */ = {
			isa = PBXResourcesBuildPhase;
			buildActionMask = 2147483647;
			files = (
			);
			runOnlyForDeploymentPostprocessing = 0;
		};
		BFD945FA244DC5EB0012785A /* Resources */ = {
			isa = PBXResourcesBuildPhase;
			buildActionMask = 2147483647;
			files = (
			);
			runOnlyForDeploymentPostprocessing = 0;
		};
/* End PBXResourcesBuildPhase section */

/* Begin PBXShellScriptBuildPhase section */
		38EC924E27DF4CCE0077BD1F /* Execute Format & Lint */ = {
			isa = PBXShellScriptBuildPhase;
			buildActionMask = 2147483647;
			files = (
			);
			inputFileListPaths = (
			);
			inputPaths = (
			);
			name = "Execute Format & Lint";
			outputFileListPaths = (
			);
			outputPaths = (
			);
			runOnlyForDeploymentPostprocessing = 0;
			shellPath = /bin/sh;
			shellScript = "PATH=$PATH:/opt/homebrew/bin\n\nif which mint >/dev/null; then\n  git diff --name-only '*.swift' | grep -v 'Generated' | while read filename; do\n    mint run swift-format format --in-place \"$filename\"\n    mint run swift-format lint \"$filename\" || true\n  done\n  \nelse\n  echo \"warning: mint not installed. swift-format lint skipped\"\nfi\n";
		};
		38EC929B27E15D680077BD1F /* Generate Mocks */ = {
			isa = PBXShellScriptBuildPhase;
			buildActionMask = 2147483647;
			files = (
			);
			inputFileListPaths = (
			);
			inputPaths = (
			);
			name = "Generate Mocks";
			outputFileListPaths = (
			);
			outputPaths = (
			);
			runOnlyForDeploymentPostprocessing = 0;
			shellPath = /bin/sh;
			shellScript = "PATH=$PATH:/opt/homebrew/bin\n\nif which mint >/dev/null; then\n  mint run mockolo --sourcedirs GitHub --destination GitHub/Generated/GeneratedMocks.swift --enable-args-history\nelse\n  echo \"warning: mint not installed. generating mock skipped\"\nfi\n\n";
		};
/* End PBXShellScriptBuildPhase section */

/* Begin PBXSourcesBuildPhase section */
		38EC925B27E01CEC0077BD1F /* Sources */ = {
			isa = PBXSourcesBuildPhase;
			buildActionMask = 2147483647;
			files = (
				38EC92BD27E22CE40077BD1F /* GitHubColors.swift in Sources */,
				38EC927C27E01E7D0077BD1F /* GitHubReponses.swift in Sources */,
				38EC92BB27E2297E0077BD1F /* GitHubEntities.swift in Sources */,
				38EC928027E020100077BD1F /* GitHubError.swift in Sources */,
				38EC927E27E01FB20077BD1F /* GitHubClient.swift in Sources */,
				38EC928E27E0A2710077BD1F /* Networking.swift in Sources */,
				38EC929127E0A3E50077BD1F /* GeneratedMocks.swift in Sources */,
			);
			runOnlyForDeploymentPostprocessing = 0;
		};
		38EC926227E01CEC0077BD1F /* Sources */ = {
			isa = PBXSourcesBuildPhase;
			buildActionMask = 2147483647;
			files = (
				38EC926E27E01CEC0077BD1F /* GitHubClientTests.swift in Sources */,
			);
			runOnlyForDeploymentPostprocessing = 0;
		};
		BFD945D7244DC5E80012785A /* Sources */ = {
			isa = PBXSourcesBuildPhase;
			buildActionMask = 2147483647;
			files = (
				38EC92CF27E331AA0077BD1F /* LanguageLabel.swift in Sources */,
				38EC92B727E2206A0077BD1F /* RepositoryDetailPropertyView.swift in Sources */,
				38EC92B527E2205B0077BD1F /* RepositoryDetailPropertiesSection.swift in Sources */,
				38EC92AA27E20DD80077BD1F /* UIViewController+Extension.swift in Sources */,
				BFD945E3244DC5E80012785A /* RepositorySearchViewController.swift in Sources */,
				38EC92D627E333AC0077BD1F /* RepositorySearchFormSection.swift in Sources */,
				38EC92CD27E32A940077BD1F /* AvatarImage.swift in Sources */,
				38EC928927E04C350077BD1F /* RepositoryDetailRouting.swift in Sources */,
				38EC92AE27E210230077BD1F /* RepositoryDetailScreen.swift in Sources */,
				38EC92D427E333970077BD1F /* RepositoryListItemView.swift in Sources */,
				38EC928527E0460E0077BD1F /* Collection+Extension.swift in Sources */,
				38EC92D127E3337D0077BD1F /* RepositorySearchScreen.swift in Sources */,
				38EC92DA27E339D10077BD1F /* SearchFieldStyle.swift in Sources */,
				BF0A658D244F2A3B00280FA6 /* RepositoryDetailViewController.swift in Sources */,
				38EC925027DF807C0077BD1F /* SubtitleTableViewCell.swift in Sources */,
				38EC92AC27E20E070077BD1F /* UIView+Extension.swift in Sources */,
				38EC92D827E333C20077BD1F /* RepositorySearchResultsSection.swift in Sources */,
				38EC92B327E21B1B0077BD1F /* RepositoryDetailHeaderSection.swift in Sources */,
				38EC928227E043760077BD1F /* RepositorySearchViewModel.swift in Sources */,
				BFD945DF244DC5E80012785A /* AppDelegate.swift in Sources */,
				BFD945E1244DC5E80012785A /* SceneDelegate.swift in Sources */,
				38EC928727E047D80077BD1F /* RepositoryDetailViewModel.swift in Sources */,
				38EC925627E011710077BD1F /* StoryboardScenes.swift in Sources */,
				38EC92BF27E2B4EC0077BD1F /* Color+Extension.swift in Sources */,
			);
			runOnlyForDeploymentPostprocessing = 0;
		};
		BFD945ED244DC5EB0012785A /* Sources */ = {
			isa = PBXSourcesBuildPhase;
			buildActionMask = 2147483647;
			files = (
				38EC92A027E15E7D0077BD1F /* String+Extension.swift in Sources */,
				38EC92A427E16DEF0077BD1F /* Repository+Extension.swift in Sources */,
				38EC929E27E15E5B0077BD1F /* XCTestCase+Extension.swift in Sources */,
				38EC92A827E1D2E00077BD1F /* RepositoryDetailViewModelTests.swift in Sources */,
				BFD945F6244DC5EB0012785A /* RepositorySearchViewModelTests.swift in Sources */,
			);
			runOnlyForDeploymentPostprocessing = 0;
		};
		BFD945F8244DC5EB0012785A /* Sources */ = {
			isa = PBXSourcesBuildPhase;
			buildActionMask = 2147483647;
			files = (
				BFD94601244DC5EC0012785A /* iOSEngineerCodeCheckUITests.swift in Sources */,
			);
			runOnlyForDeploymentPostprocessing = 0;
		};
/* End PBXSourcesBuildPhase section */

/* Begin PBXTargetDependency section */
		38EC926927E01CEC0077BD1F /* PBXTargetDependency */ = {
			isa = PBXTargetDependency;
			target = 38EC925E27E01CEC0077BD1F /* GitHub */;
			targetProxy = 38EC926827E01CEC0077BD1F /* PBXContainerItemProxy */;
		};
		38EC926B27E01CEC0077BD1F /* PBXTargetDependency */ = {
			isa = PBXTargetDependency;
			target = BFD945DA244DC5E80012785A /* iOSEngineerCodeCheck */;
			targetProxy = 38EC926A27E01CEC0077BD1F /* PBXContainerItemProxy */;
		};
		38EC927127E01CEC0077BD1F /* PBXTargetDependency */ = {
			isa = PBXTargetDependency;
			target = 38EC925E27E01CEC0077BD1F /* GitHub */;
			targetProxy = 38EC927027E01CEC0077BD1F /* PBXContainerItemProxy */;
		};
		BFD945F3244DC5EB0012785A /* PBXTargetDependency */ = {
			isa = PBXTargetDependency;
			target = BFD945DA244DC5E80012785A /* iOSEngineerCodeCheck */;
			targetProxy = BFD945F2244DC5EB0012785A /* PBXContainerItemProxy */;
		};
		BFD945FE244DC5EB0012785A /* PBXTargetDependency */ = {
			isa = PBXTargetDependency;
			target = BFD945DA244DC5E80012785A /* iOSEngineerCodeCheck */;
			targetProxy = BFD945FD244DC5EB0012785A /* PBXContainerItemProxy */;
		};
/* End PBXTargetDependency section */

/* Begin PBXVariantGroup section */
		BFD945E4244DC5E80012785A /* RepositorySearch.storyboard */ = {
			isa = PBXVariantGroup;
			children = (
				BFD945E5244DC5E80012785A /* Base */,
			);
			name = RepositorySearch.storyboard;
			sourceTree = "<group>";
		};
		BFD945E9244DC5EB0012785A /* LaunchScreen.storyboard */ = {
			isa = PBXVariantGroup;
			children = (
				BFD945EA244DC5EB0012785A /* Base */,
			);
			name = LaunchScreen.storyboard;
			sourceTree = "<group>";
		};
/* End PBXVariantGroup section */

/* Begin XCBuildConfiguration section */
		38EC927527E01CEC0077BD1F /* Debug */ = {
			isa = XCBuildConfiguration;
			buildSettings = {
				CLANG_CXX_LANGUAGE_STANDARD = "gnu++17";
				CLANG_ENABLE_MODULES = YES;
				CODE_SIGN_STYLE = Automatic;
				CURRENT_PROJECT_VERSION = 1;
				DEFINES_MODULE = YES;
				DEVELOPMENT_TEAM = "";
				DYLIB_COMPATIBILITY_VERSION = 1;
				DYLIB_CURRENT_VERSION = 1;
				DYLIB_INSTALL_NAME_BASE = "@rpath";
				GENERATE_INFOPLIST_FILE = YES;
				INFOPLIST_KEY_NSHumanReadableCopyright = "Copyright © 2022 YUMEMI Inc. All rights reserved.";
				INSTALL_PATH = "$(LOCAL_LIBRARY_DIR)/Frameworks";
				IPHONEOS_DEPLOYMENT_TARGET = 15.0;
				LD_RUNPATH_SEARCH_PATHS = (
					"$(inherited)",
					"@executable_path/Frameworks",
					"@loader_path/Frameworks",
				);
				MARKETING_VERSION = 1.0;
				PRODUCT_BUNDLE_IDENTIFIER = jp.yumemi.GitHub;
				PRODUCT_NAME = "$(TARGET_NAME:c99extidentifier)";
				SKIP_INSTALL = YES;
				SUPPORTS_MACCATALYST = NO;
				SWIFT_EMIT_LOC_STRINGS = YES;
				SWIFT_OPTIMIZATION_LEVEL = "-Onone";
				SWIFT_VERSION = 5.0;
				TARGETED_DEVICE_FAMILY = "1,2";
				VERSIONING_SYSTEM = "apple-generic";
				VERSION_INFO_PREFIX = "";
			};
			name = Debug;
		};
		38EC927627E01CEC0077BD1F /* Release */ = {
			isa = XCBuildConfiguration;
			buildSettings = {
				CLANG_CXX_LANGUAGE_STANDARD = "gnu++17";
				CLANG_ENABLE_MODULES = YES;
				CODE_SIGN_STYLE = Automatic;
				CURRENT_PROJECT_VERSION = 1;
				DEFINES_MODULE = YES;
				DEVELOPMENT_TEAM = "";
				DYLIB_COMPATIBILITY_VERSION = 1;
				DYLIB_CURRENT_VERSION = 1;
				DYLIB_INSTALL_NAME_BASE = "@rpath";
				GENERATE_INFOPLIST_FILE = YES;
				INFOPLIST_KEY_NSHumanReadableCopyright = "Copyright © 2022 YUMEMI Inc. All rights reserved.";
				INSTALL_PATH = "$(LOCAL_LIBRARY_DIR)/Frameworks";
				IPHONEOS_DEPLOYMENT_TARGET = 15.0;
				LD_RUNPATH_SEARCH_PATHS = (
					"$(inherited)",
					"@executable_path/Frameworks",
					"@loader_path/Frameworks",
				);
				MARKETING_VERSION = 1.0;
				PRODUCT_BUNDLE_IDENTIFIER = jp.yumemi.GitHub;
				PRODUCT_NAME = "$(TARGET_NAME:c99extidentifier)";
				SKIP_INSTALL = YES;
				SUPPORTS_MACCATALYST = NO;
				SWIFT_EMIT_LOC_STRINGS = YES;
				SWIFT_VERSION = 5.0;
				TARGETED_DEVICE_FAMILY = "1,2";
				VERSIONING_SYSTEM = "apple-generic";
				VERSION_INFO_PREFIX = "";
			};
			name = Release;
		};
		38EC927727E01CEC0077BD1F /* Debug */ = {
			isa = XCBuildConfiguration;
			buildSettings = {
				ALWAYS_EMBED_SWIFT_STANDARD_LIBRARIES = YES;
				CLANG_CXX_LANGUAGE_STANDARD = "gnu++17";
				CODE_SIGN_STYLE = Automatic;
				CURRENT_PROJECT_VERSION = 1;
				GENERATE_INFOPLIST_FILE = YES;
				IPHONEOS_DEPLOYMENT_TARGET = 15.2;
				MARKETING_VERSION = 1.0;
				PRODUCT_BUNDLE_IDENTIFIER = jp.yumemi.GitHubTests;
				PRODUCT_NAME = "$(TARGET_NAME)";
				SWIFT_EMIT_LOC_STRINGS = NO;
				SWIFT_VERSION = 5.0;
				TARGETED_DEVICE_FAMILY = "1,2";
				TEST_HOST = "$(BUILT_PRODUCTS_DIR)/iOSEngineerCodeCheck.app/iOSEngineerCodeCheck";
			};
			name = Debug;
		};
		38EC927827E01CEC0077BD1F /* Release */ = {
			isa = XCBuildConfiguration;
			buildSettings = {
				ALWAYS_EMBED_SWIFT_STANDARD_LIBRARIES = YES;
				CLANG_CXX_LANGUAGE_STANDARD = "gnu++17";
				CODE_SIGN_STYLE = Automatic;
				CURRENT_PROJECT_VERSION = 1;
				GENERATE_INFOPLIST_FILE = YES;
				IPHONEOS_DEPLOYMENT_TARGET = 15.2;
				MARKETING_VERSION = 1.0;
				PRODUCT_BUNDLE_IDENTIFIER = jp.yumemi.GitHubTests;
				PRODUCT_NAME = "$(TARGET_NAME)";
				SWIFT_EMIT_LOC_STRINGS = NO;
				SWIFT_VERSION = 5.0;
				TARGETED_DEVICE_FAMILY = "1,2";
				TEST_HOST = "$(BUILT_PRODUCTS_DIR)/iOSEngineerCodeCheck.app/iOSEngineerCodeCheck";
			};
			name = Release;
		};
		BFD94603244DC5EC0012785A /* Debug */ = {
			isa = XCBuildConfiguration;
			buildSettings = {
				ALWAYS_SEARCH_USER_PATHS = NO;
				CLANG_ANALYZER_NONNULL = YES;
				CLANG_ANALYZER_NUMBER_OBJECT_CONVERSION = YES_AGGRESSIVE;
				CLANG_CXX_LANGUAGE_STANDARD = "gnu++14";
				CLANG_CXX_LIBRARY = "libc++";
				CLANG_ENABLE_MODULES = YES;
				CLANG_ENABLE_OBJC_ARC = YES;
				CLANG_ENABLE_OBJC_WEAK = YES;
				CLANG_WARN_BLOCK_CAPTURE_AUTORELEASING = YES;
				CLANG_WARN_BOOL_CONVERSION = YES;
				CLANG_WARN_COMMA = YES;
				CLANG_WARN_CONSTANT_CONVERSION = YES;
				CLANG_WARN_DEPRECATED_OBJC_IMPLEMENTATIONS = YES;
				CLANG_WARN_DIRECT_OBJC_ISA_USAGE = YES_ERROR;
				CLANG_WARN_DOCUMENTATION_COMMENTS = YES;
				CLANG_WARN_EMPTY_BODY = YES;
				CLANG_WARN_ENUM_CONVERSION = YES;
				CLANG_WARN_INFINITE_RECURSION = YES;
				CLANG_WARN_INT_CONVERSION = YES;
				CLANG_WARN_NON_LITERAL_NULL_CONVERSION = YES;
				CLANG_WARN_OBJC_IMPLICIT_RETAIN_SELF = YES;
				CLANG_WARN_OBJC_LITERAL_CONVERSION = YES;
				CLANG_WARN_OBJC_ROOT_CLASS = YES_ERROR;
				CLANG_WARN_QUOTED_INCLUDE_IN_FRAMEWORK_HEADER = YES;
				CLANG_WARN_RANGE_LOOP_ANALYSIS = YES;
				CLANG_WARN_STRICT_PROTOTYPES = YES;
				CLANG_WARN_SUSPICIOUS_MOVE = YES;
				CLANG_WARN_UNGUARDED_AVAILABILITY = YES_AGGRESSIVE;
				CLANG_WARN_UNREACHABLE_CODE = YES;
				CLANG_WARN__DUPLICATE_METHOD_MATCH = YES;
				COPY_PHASE_STRIP = NO;
				DEBUG_INFORMATION_FORMAT = dwarf;
				ENABLE_STRICT_OBJC_MSGSEND = YES;
				ENABLE_TESTABILITY = YES;
				GCC_C_LANGUAGE_STANDARD = gnu11;
				GCC_DYNAMIC_NO_PIC = NO;
				GCC_NO_COMMON_BLOCKS = YES;
				GCC_OPTIMIZATION_LEVEL = 0;
				GCC_PREPROCESSOR_DEFINITIONS = (
					"DEBUG=1",
					"$(inherited)",
				);
				GCC_WARN_64_TO_32_BIT_CONVERSION = YES;
				GCC_WARN_ABOUT_RETURN_TYPE = YES_ERROR;
				GCC_WARN_UNDECLARED_SELECTOR = YES;
				GCC_WARN_UNINITIALIZED_AUTOS = YES_AGGRESSIVE;
				GCC_WARN_UNUSED_FUNCTION = YES;
				GCC_WARN_UNUSED_VARIABLE = YES;
				IPHONEOS_DEPLOYMENT_TARGET = 15.0;
				MTL_ENABLE_DEBUG_INFO = INCLUDE_SOURCE;
				MTL_FAST_MATH = YES;
				ONLY_ACTIVE_ARCH = YES;
				SDKROOT = iphoneos;
				SWIFT_ACTIVE_COMPILATION_CONDITIONS = DEBUG;
				SWIFT_OPTIMIZATION_LEVEL = "-Onone";
			};
			name = Debug;
		};
		BFD94604244DC5EC0012785A /* Release */ = {
			isa = XCBuildConfiguration;
			buildSettings = {
				ALWAYS_SEARCH_USER_PATHS = NO;
				CLANG_ANALYZER_NONNULL = YES;
				CLANG_ANALYZER_NUMBER_OBJECT_CONVERSION = YES_AGGRESSIVE;
				CLANG_CXX_LANGUAGE_STANDARD = "gnu++14";
				CLANG_CXX_LIBRARY = "libc++";
				CLANG_ENABLE_MODULES = YES;
				CLANG_ENABLE_OBJC_ARC = YES;
				CLANG_ENABLE_OBJC_WEAK = YES;
				CLANG_WARN_BLOCK_CAPTURE_AUTORELEASING = YES;
				CLANG_WARN_BOOL_CONVERSION = YES;
				CLANG_WARN_COMMA = YES;
				CLANG_WARN_CONSTANT_CONVERSION = YES;
				CLANG_WARN_DEPRECATED_OBJC_IMPLEMENTATIONS = YES;
				CLANG_WARN_DIRECT_OBJC_ISA_USAGE = YES_ERROR;
				CLANG_WARN_DOCUMENTATION_COMMENTS = YES;
				CLANG_WARN_EMPTY_BODY = YES;
				CLANG_WARN_ENUM_CONVERSION = YES;
				CLANG_WARN_INFINITE_RECURSION = YES;
				CLANG_WARN_INT_CONVERSION = YES;
				CLANG_WARN_NON_LITERAL_NULL_CONVERSION = YES;
				CLANG_WARN_OBJC_IMPLICIT_RETAIN_SELF = YES;
				CLANG_WARN_OBJC_LITERAL_CONVERSION = YES;
				CLANG_WARN_OBJC_ROOT_CLASS = YES_ERROR;
				CLANG_WARN_QUOTED_INCLUDE_IN_FRAMEWORK_HEADER = YES;
				CLANG_WARN_RANGE_LOOP_ANALYSIS = YES;
				CLANG_WARN_STRICT_PROTOTYPES = YES;
				CLANG_WARN_SUSPICIOUS_MOVE = YES;
				CLANG_WARN_UNGUARDED_AVAILABILITY = YES_AGGRESSIVE;
				CLANG_WARN_UNREACHABLE_CODE = YES;
				CLANG_WARN__DUPLICATE_METHOD_MATCH = YES;
				COPY_PHASE_STRIP = NO;
				DEBUG_INFORMATION_FORMAT = "dwarf-with-dsym";
				ENABLE_NS_ASSERTIONS = NO;
				ENABLE_STRICT_OBJC_MSGSEND = YES;
				GCC_C_LANGUAGE_STANDARD = gnu11;
				GCC_NO_COMMON_BLOCKS = YES;
				GCC_WARN_64_TO_32_BIT_CONVERSION = YES;
				GCC_WARN_ABOUT_RETURN_TYPE = YES_ERROR;
				GCC_WARN_UNDECLARED_SELECTOR = YES;
				GCC_WARN_UNINITIALIZED_AUTOS = YES_AGGRESSIVE;
				GCC_WARN_UNUSED_FUNCTION = YES;
				GCC_WARN_UNUSED_VARIABLE = YES;
				IPHONEOS_DEPLOYMENT_TARGET = 15.0;
				MTL_ENABLE_DEBUG_INFO = NO;
				MTL_FAST_MATH = YES;
				SDKROOT = iphoneos;
				SWIFT_COMPILATION_MODE = wholemodule;
				SWIFT_OPTIMIZATION_LEVEL = "-O";
				VALIDATE_PRODUCT = YES;
			};
			name = Release;
		};
		BFD94606244DC5EC0012785A /* Debug */ = {
			isa = XCBuildConfiguration;
			buildSettings = {
				ALWAYS_EMBED_SWIFT_STANDARD_LIBRARIES = YES;
				ASSETCATALOG_COMPILER_APPICON_NAME = AppIcon;
				CODE_SIGN_STYLE = Automatic;
				DEVELOPMENT_TEAM = "";
				INFOPLIST_FILE = iOSEngineerCodeCheck/Info.plist;
				LD_RUNPATH_SEARCH_PATHS = (
					"$(inherited)",
					"@executable_path/Frameworks",
				);
				PRODUCT_BUNDLE_IDENTIFIER = jp.yumemi.iOSEngineerCodeCheck;
				PRODUCT_NAME = "$(TARGET_NAME)";
				SWIFT_VERSION = 5.0;
				TARGETED_DEVICE_FAMILY = "1,2";
			};
			name = Debug;
		};
		BFD94607244DC5EC0012785A /* Release */ = {
			isa = XCBuildConfiguration;
			buildSettings = {
				ALWAYS_EMBED_SWIFT_STANDARD_LIBRARIES = YES;
				ASSETCATALOG_COMPILER_APPICON_NAME = AppIcon;
				CODE_SIGN_STYLE = Automatic;
				DEVELOPMENT_TEAM = "";
				INFOPLIST_FILE = iOSEngineerCodeCheck/Info.plist;
				LD_RUNPATH_SEARCH_PATHS = (
					"$(inherited)",
					"@executable_path/Frameworks",
				);
				PRODUCT_BUNDLE_IDENTIFIER = jp.yumemi.iOSEngineerCodeCheck;
				PRODUCT_NAME = "$(TARGET_NAME)";
				SWIFT_VERSION = 5.0;
				TARGETED_DEVICE_FAMILY = "1,2";
			};
			name = Release;
		};
		BFD94609244DC5EC0012785A /* Debug */ = {
			isa = XCBuildConfiguration;
			buildSettings = {
				ALWAYS_EMBED_SWIFT_STANDARD_LIBRARIES = YES;
				BUNDLE_LOADER = "$(TEST_HOST)";
				CODE_SIGN_STYLE = Automatic;
				DEVELOPMENT_TEAM = S7G9J68NLX;
				INFOPLIST_FILE = iOSEngineerCodeCheckTests/Info.plist;
				LD_RUNPATH_SEARCH_PATHS = (
					"$(inherited)",
					"@executable_path/Frameworks",
					"@loader_path/Frameworks",
				);
				PRODUCT_BUNDLE_IDENTIFIER = jp.yumemi.iOSEngineerCodeCheckTests;
				PRODUCT_NAME = "$(TARGET_NAME)";
				SWIFT_VERSION = 5.0;
				TARGETED_DEVICE_FAMILY = "1,2";
				TEST_HOST = "$(BUILT_PRODUCTS_DIR)/iOSEngineerCodeCheck.app/iOSEngineerCodeCheck";
			};
			name = Debug;
		};
		BFD9460A244DC5EC0012785A /* Release */ = {
			isa = XCBuildConfiguration;
			buildSettings = {
				ALWAYS_EMBED_SWIFT_STANDARD_LIBRARIES = YES;
				BUNDLE_LOADER = "$(TEST_HOST)";
				CODE_SIGN_STYLE = Automatic;
				DEVELOPMENT_TEAM = S7G9J68NLX;
				INFOPLIST_FILE = iOSEngineerCodeCheckTests/Info.plist;
				LD_RUNPATH_SEARCH_PATHS = (
					"$(inherited)",
					"@executable_path/Frameworks",
					"@loader_path/Frameworks",
				);
				PRODUCT_BUNDLE_IDENTIFIER = jp.yumemi.iOSEngineerCodeCheckTests;
				PRODUCT_NAME = "$(TARGET_NAME)";
				SWIFT_VERSION = 5.0;
				TARGETED_DEVICE_FAMILY = "1,2";
				TEST_HOST = "$(BUILT_PRODUCTS_DIR)/iOSEngineerCodeCheck.app/iOSEngineerCodeCheck";
			};
			name = Release;
		};
		BFD9460C244DC5EC0012785A /* Debug */ = {
			isa = XCBuildConfiguration;
			buildSettings = {
				ALWAYS_EMBED_SWIFT_STANDARD_LIBRARIES = YES;
				CODE_SIGN_STYLE = Automatic;
				DEVELOPMENT_TEAM = S7G9J68NLX;
				INFOPLIST_FILE = iOSEngineerCodeCheckUITests/Info.plist;
				LD_RUNPATH_SEARCH_PATHS = (
					"$(inherited)",
					"@executable_path/Frameworks",
					"@loader_path/Frameworks",
				);
				PRODUCT_BUNDLE_IDENTIFIER = jp.yumemi.iOSEngineerCodeCheckUITests;
				PRODUCT_NAME = "$(TARGET_NAME)";
				SWIFT_VERSION = 5.0;
				TARGETED_DEVICE_FAMILY = "1,2";
				TEST_TARGET_NAME = iOSEngineerCodeCheck;
			};
			name = Debug;
		};
		BFD9460D244DC5EC0012785A /* Release */ = {
			isa = XCBuildConfiguration;
			buildSettings = {
				ALWAYS_EMBED_SWIFT_STANDARD_LIBRARIES = YES;
				CODE_SIGN_STYLE = Automatic;
				DEVELOPMENT_TEAM = S7G9J68NLX;
				INFOPLIST_FILE = iOSEngineerCodeCheckUITests/Info.plist;
				LD_RUNPATH_SEARCH_PATHS = (
					"$(inherited)",
					"@executable_path/Frameworks",
					"@loader_path/Frameworks",
				);
				PRODUCT_BUNDLE_IDENTIFIER = jp.yumemi.iOSEngineerCodeCheckUITests;
				PRODUCT_NAME = "$(TARGET_NAME)";
				SWIFT_VERSION = 5.0;
				TARGETED_DEVICE_FAMILY = "1,2";
				TEST_TARGET_NAME = iOSEngineerCodeCheck;
			};
			name = Release;
		};
/* End XCBuildConfiguration section */

/* Begin XCConfigurationList section */
		38EC927927E01CEC0077BD1F /* Build configuration list for PBXNativeTarget "GitHub" */ = {
			isa = XCConfigurationList;
			buildConfigurations = (
				38EC927527E01CEC0077BD1F /* Debug */,
				38EC927627E01CEC0077BD1F /* Release */,
			);
			defaultConfigurationIsVisible = 0;
			defaultConfigurationName = Release;
		};
		38EC927A27E01CEC0077BD1F /* Build configuration list for PBXNativeTarget "GitHubTests" */ = {
			isa = XCConfigurationList;
			buildConfigurations = (
				38EC927727E01CEC0077BD1F /* Debug */,
				38EC927827E01CEC0077BD1F /* Release */,
			);
			defaultConfigurationIsVisible = 0;
			defaultConfigurationName = Release;
		};
		BFD945D6244DC5E80012785A /* Build configuration list for PBXProject "iOSEngineerCodeCheck" */ = {
			isa = XCConfigurationList;
			buildConfigurations = (
				BFD94603244DC5EC0012785A /* Debug */,
				BFD94604244DC5EC0012785A /* Release */,
			);
			defaultConfigurationIsVisible = 0;
			defaultConfigurationName = Release;
		};
		BFD94605244DC5EC0012785A /* Build configuration list for PBXNativeTarget "iOSEngineerCodeCheck" */ = {
			isa = XCConfigurationList;
			buildConfigurations = (
				BFD94606244DC5EC0012785A /* Debug */,
				BFD94607244DC5EC0012785A /* Release */,
			);
			defaultConfigurationIsVisible = 0;
			defaultConfigurationName = Release;
		};
		BFD94608244DC5EC0012785A /* Build configuration list for PBXNativeTarget "iOSEngineerCodeCheckTests" */ = {
			isa = XCConfigurationList;
			buildConfigurations = (
				BFD94609244DC5EC0012785A /* Debug */,
				BFD9460A244DC5EC0012785A /* Release */,
			);
			defaultConfigurationIsVisible = 0;
			defaultConfigurationName = Release;
		};
		BFD9460B244DC5EC0012785A /* Build configuration list for PBXNativeTarget "iOSEngineerCodeCheckUITests" */ = {
			isa = XCConfigurationList;
			buildConfigurations = (
				BFD9460C244DC5EC0012785A /* Debug */,
				BFD9460D244DC5EC0012785A /* Release */,
			);
			defaultConfigurationIsVisible = 0;
			defaultConfigurationName = Release;
		};
/* End XCConfigurationList section */
	};
	rootObject = BFD945D3244DC5E80012785A /* Project object */;
}
